
Microsoft Visual Studio Solution File, Format Version 12.00
# Visual Studio Version 17
VisualStudioVersion = 17.13.35931.197 d17.13
MinimumVisualStudioVersion = 10.0.40219.1
Project("{FAE04EC0-301F-11D3-BF4B-00C04F79EFBC}") = "CEA_API", "CEA_API.csproj", "{3D0C8081-C6E4-4ED7-9F8B-9961665FEB0B}"
EndProject
Global
	GlobalSection(SolutionConfigurationPlatforms) = preSolution
		Debug|Any CPU = Debug|Any CPU
		Release|Any CPU = Release|Any CPU
	EndGlobalSection
	GlobalSection(ProjectConfigurationPlatforms) = postSolution
		{3D0C8081-C6E4-4ED7-9F8B-9961665FEB0B}.Debug|Any CPU.ActiveCfg = Debug|Any CPU
		{3D0C8081-C6E4-4ED7-9F8B-9961665FEB0B}.Debug|Any CPU.Build.0 = Debug|Any CPU
		{3D0C8081-C6E4-4ED7-9F8B-9961665FEB0B}.Release|Any CPU.ActiveCfg = Release|Any CPU
		{3D0C8081-C6E4-4ED7-9F8B-9961665FEB0B}.Release|Any CPU.Build.0 = Release|Any CPU
	EndGlobalSection
	GlobalSection(SolutionProperties) = preSolution
		HideSolutionNode = FALSE
	EndGlobalSection
	GlobalSection(ExtensibilityGlobals) = postSolution
		SolutionGuid = {DC721458-C755-4497-84FF-DA6B5EE7CEB6}
	EndGlobalSection
EndGlobal
